
Microsoft Visual Studio Solution File, Format Version 12.00
# Visual Studio Version 17
VisualStudioVersion = 17.5.002.0
MinimumVisualStudioVersion = 10.0.40219.1
Project("{9A19103F-16F7-4668-BE54-9A1E7A4F7556}") = "myfirst", "myfirst\myfirst.csproj", "{46BBF0B7-68B1-411A-9B61-F3A157E553B9}"
EndProject
Global
	GlobalSection(SolutionConfigurationPlatforms) = preSolution
		Debug|Any CPU = Debug|Any CPU
		Release|Any CPU = Release|Any CPU
	EndGlobalSection
	GlobalSection(ProjectConfigurationPlatforms) = postSolution
		{46BBF0B7-68B1-411A-9B61-F3A157E553B9}.Debug|Any CPU.ActiveCfg = Debug|Any CPU
		{46BBF0B7-68B1-411A-9B61-F3A157E553B9}.Debug|Any CPU.Build.0 = Debug|Any CPU
		{46BBF0B7-68B1-411A-9B61-F3A157E553B9}.Release|Any CPU.ActiveCfg = Release|Any CPU
		{46BBF0B7-68B1-411A-9B61-F3A157E553B9}.Release|Any CPU.Build.0 = Release|Any CPU
	EndGlobalSection
	GlobalSection(SolutionProperties) = preSolution
		HideSolutionNode = FALSE
	EndGlobalSection
	GlobalSection(ExtensibilityGlobals) = postSolution
		SolutionGuid = {8E80828D-1B56-49ED-A96B-CD669C888C2A}
	EndGlobalSection
EndGlobal
