
Microsoft Visual Studio Solution File, Format Version 12.00
# Visual Studio Version 17
VisualStudioVersion = 17.5.002.0
MinimumVisualStudioVersion = 10.0.40219.1
Project("{9A19103F-16F7-4668-BE54-9A1E7A4F7556}") = "csharProject26", "csharProject26.csproj", "{D87AA691-8909-4A0C-87E7-028D1139F90A}"
EndProject
Global
	GlobalSection(SolutionConfigurationPlatforms) = preSolution
		Debug|Any CPU = Debug|Any CPU
		Release|Any CPU = Release|Any CPU
	EndGlobalSection
	GlobalSection(ProjectConfigurationPlatforms) = postSolution
		{D87AA691-8909-4A0C-87E7-028D1139F90A}.Debug|Any CPU.ActiveCfg = Debug|Any CPU
		{D87AA691-8909-4A0C-87E7-028D1139F90A}.Debug|Any CPU.Build.0 = Debug|Any CPU
		{D87AA691-8909-4A0C-87E7-028D1139F90A}.Release|Any CPU.ActiveCfg = Release|Any CPU
		{D87AA691-8909-4A0C-87E7-028D1139F90A}.Release|Any CPU.Build.0 = Release|Any CPU
	EndGlobalSection
	GlobalSection(SolutionProperties) = preSolution
		HideSolutionNode = FALSE
	EndGlobalSection
	GlobalSection(ExtensibilityGlobals) = postSolution
		SolutionGuid = {A0180023-470F-456B-A3C5-124DBFC43D7D}
	EndGlobalSection
EndGlobal
